PODS:
  - Flutter (1.0.0)
  - geolocator (3.0.1):
    - Flutter
  - google_api_availability (2.0.1):
    - Flutter
  - permission_handler (3.1.0):
    - Flutter

DEPENDENCIES:
  - Flutter (from `.symlinks/flutter/ios`)
  - geolocator (from `.symlinks/plugins/geolocator/ios`)
  - google_api_availability (from `.symlinks/plugins/google_api_availability/ios`)
  - permission_handler (from `.symlinks/plugins/permission_handler/ios`)

EXTERNAL SOURCES:
  Flutter:
    :path: ".symlinks/flutter/ios"
  geolocator:
    :path: ".symlinks/plugins/geolocator/ios"
  google_api_availability:
    :path: ".symlinks/plugins/google_api_availability/ios"
  permission_handler:
    :path: ".symlinks/plugins/permission_handler/ios"

SPEC CHECKSUMS:
  Flutter: 58dd7d1b27887414a370fcccb9e645c08ffd7a6a
  geolocator: 0b6c573899b9cf2ef523d98b5e300f2b8ebc9c1d
  google_api_availability: 163b30f802e6148c67f092aa4501c90ddd8eec8d
  permission_handler: fa6b0d784b1a43cb96b468a5b8365cb130b1956a

PODFILE CHECKSUM: b7d0755641915265774624f3b3be49c5c073d379

COCOAPODS: 1.6.1
